// !$*UTF8*$!
{
	archiveVersion = 1;
	classes = {
	};
	objectVersion = 46;
	objects = {

/* Begin PBXBuildFile section */
		2F1991791D22F682005259BA /* Leg.cpp in Sources */ = {isa = PBXBuildFile; fileRef = 2F19916D1D22F682005259BA /* Leg.cpp */; };
		2F19917A1D22F682005259BA /* LeggedAgent.cpp in Sources */ = {isa = PBXBuildFile; fileRef = 2F19916F1D22F682005259BA /* LeggedAgent.cpp */; };
		2F19917B1D22F682005259BA /* main.cpp in Sources */ = {isa = PBXBuildFile; fileRef = 2F1991711D22F682005259BA /* main.cpp */; };
		2F19917C1D22F682005259BA /* Random.cpp in Sources */ = {isa = PBXBuildFile; fileRef = 2F1991721D22F682005259BA /* Random.cpp */; };
		2F19917D1D22F682005259BA /* Source.cpp in Sources */ = {isa = PBXBuildFile; fileRef = 2F1991741D22F682005259BA /* Source.cpp */; };
		2F19917E1D22F682005259BA /* Tsearch.cpp in Sources */ = {isa = PBXBuildFile; fileRef = 2F1991761D22F682005259BA /* Tsearch.cpp */; };
/* End PBXBuildFile section */

/* Begin PBXCopyFilesBuildPhase section */
		2F1991601D22F624005259BA /* CopyFiles */ = {
			isa = PBXCopyFilesBuildPhase;
			buildActionMask = 2147483647;
			dstPath = /usr/share/man/man1/;
			dstSubfolderSpec = 0;
			files = (
			);
			runOnlyForDeploymentPostprocessing = 1;
		};
/* End PBXCopyFilesBuildPhase section */

/* Begin PBXFileReference section */
		2F1991621D22F624005259BA /* perfectstepper */ = {isa = PBXFileReference; explicitFileType = "compiled.mach-o.executable"; includeInIndex = 0; path = perfectstepper; sourceTree = BUILT_PRODUCTS_DIR; };
		2F19916C1D22F682005259BA /* CTRNN.h */ = {isa = PBXFileReference; fileEncoding = 4; lastKnownFileType = sourcecode.c.h; name = CTRNN.h; path = ../../../../../../../../../Downloads/debug/CTRNN.h; sourceTree = "<group>"; };
		2F19916D1D22F682005259BA /* Leg.cpp */ = {isa = PBXFileReference; fileEncoding = 4; lastKnownFileType = sourcecode.cpp.cpp; name = Leg.cpp; path = ../../../../../../../../../Downloads/debug/Leg.cpp; sourceTree = "<group>"; };
		2F19916E1D22F682005259BA /* Leg.hpp */ = {isa = PBXFileReference; fileEncoding = 4; lastKnownFileType = sourcecode.cpp.h; name = Leg.hpp; path = ../../../../../../../../../Downloads/debug/Leg.hpp; sourceTree = "<group>"; };
		2F19916F1D22F682005259BA /* LeggedAgent.cpp */ = {isa = PBXFileReference; fileEncoding = 4; lastKnownFileType = sourcecode.cpp.cpp; name = LeggedAgent.cpp; path = ../../../../../../../../../Downloads/debug/LeggedAgent.cpp; sourceTree = "<group>"; };
		2F1991701D22F682005259BA /* LeggedAgent.hpp */ = {isa = PBXFileReference; fileEncoding = 4; lastKnownFileType = sourcecode.cpp.h; name = LeggedAgent.hpp; path = ../../../../../../../../../Downloads/debug/LeggedAgent.hpp; sourceTree = "<group>"; };
		2F1991711D22F682005259BA /* main.cpp */ = {isa = PBXFileReference; fileEncoding = 4; lastKnownFileType = sourcecode.cpp.cpp; name = main.cpp; path = ../../../../../../../../../Downloads/debug/main.cpp; sourceTree = "<group>"; };
		2F1991721D22F682005259BA /* Random.cpp */ = {isa = PBXFileReference; fileEncoding = 4; lastKnownFileType = sourcecode.cpp.cpp; name = Random.cpp; path = ../../../../../../../../../Downloads/debug/Random.cpp; sourceTree = "<group>"; };
		2F1991731D22F682005259BA /* Random.hpp */ = {isa = PBXFileReference; fileEncoding = 4; lastKnownFileType = sourcecode.cpp.h; name = Random.hpp; path = ../../../../../../../../../Downloads/debug/Random.hpp; sourceTree = "<group>"; };
		2F1991741D22F682005259BA /* Source.cpp */ = {isa = PBXFileReference; fileEncoding = 4; lastKnownFileType = sourcecode.cpp.cpp; name = Source.cpp; path = ../../../../../../../../../Downloads/debug/Source.cpp; sourceTree = "<group>"; };
		2F1991751D22F682005259BA /* Source.hpp */ = {isa = PBXFileReference; fileEncoding = 4; lastKnownFileType = sourcecode.cpp.h; name = Source.hpp; path = ../../../../../../../../../Downloads/debug/Source.hpp; sourceTree = "<group>"; };
		2F1991761D22F682005259BA /* Tsearch.cpp */ = {isa = PBXFileReference; fileEncoding = 4; lastKnownFileType = sourcecode.cpp.cpp; name = Tsearch.cpp; path = ../../../../../../../../../Downloads/debug/Tsearch.cpp; sourceTree = "<group>"; };
		2F1991771D22F682005259BA /* Tsearch.hpp */ = {isa = PBXFileReference; fileEncoding = 4; lastKnownFileType = sourcecode.cpp.h; name = Tsearch.hpp; path = ../../../../../../../../../Downloads/debug/Tsearch.hpp; sourceTree = "<group>"; };
		2F1991781D22F682005259BA /* VectorMatrix.h */ = {isa = PBXFileReference; fileEncoding = 4; lastKnownFileType = sourcecode.c.h; name = VectorMatrix.h; path = ../../../../../../../../../Downloads/debug/VectorMatrix.h; sourceTree = "<group>"; };
/* End PBXFileReference section */

/* Begin PBXFrameworksBuildPhase section */
		2F19915F1D22F624005259BA /* Frameworks */ = {
			isa = PBXFrameworksBuildPhase;
			buildActionMask = 2147483647;
			files = (
			);
			runOnlyForDeploymentPostprocessing = 0;
		};
/* End PBXFrameworksBuildPhase section */

/* Begin PBXGroup section */
		2F1991591D22F624005259BA = {
			isa = PBXGroup;
			children = (
				2F1991641D22F624005259BA /* perfectstepper */,
				2F1991631D22F624005259BA /* Products */,
			);
			sourceTree = "<group>";
		};
		2F1991631D22F624005259BA /* Products */ = {
			isa = PBXGroup;
			children = (
				2F1991621D22F624005259BA /* perfectstepper */,
			);
			name = Products;
			sourceTree = "<group>";
		};
		2F1991641D22F624005259BA /* perfectstepper */ = {
			isa = PBXGroup;
			children = (
				2F1991711D22F682005259BA /* main.cpp */,
				2F19916C1D22F682005259BA /* CTRNN.h */,
				2F19916D1D22F682005259BA /* Leg.cpp */,
				2F19916E1D22F682005259BA /* Leg.hpp */,
				2F19916F1D22F682005259BA /* LeggedAgent.cpp */,
				2F1991701D22F682005259BA /* LeggedAgent.hpp */,
				2F1991721D22F682005259BA /* Random.cpp */,
				2F1991731D22F682005259BA /* Random.hpp */,
				2F1991741D22F682005259BA /* Source.cpp */,
				2F1991751D22F682005259BA /* Source.hpp */,
				2F1991761D22F682005259BA /* Tsearch.cpp */,
				2F1991771D22F682005259BA /* Tsearch.hpp */,
				2F1991781D22F682005259BA /* VectorMatrix.h */,
			);
			path = perfectstepper;
			sourceTree = "<group>";
		};
/* End PBXGroup section */

/* Begin PBXNativeTarget section */
		2F1991611D22F624005259BA /* perfectstepper */ = {
			isa = PBXNativeTarget;
			buildConfigurationList = 2F1991691D22F624005259BA /* Build configuration list for PBXNativeTarget "perfectstepper" */;
			buildPhases = (
				2F19915E1D22F624005259BA /* Sources */,
				2F19915F1D22F624005259BA /* Frameworks */,
				2F1991601D22F624005259BA /* CopyFiles */,
			);
			buildRules = (
			);
			dependencies = (
			);
			name = perfectstepper;
			productName = perfectstepper;
			productReference = 2F1991621D22F624005259BA /* perfectstepper */;
			productType = "com.apple.product-type.tool";
		};
/* End PBXNativeTarget section */

/* Begin PBXProject section */
		2F19915A1D22F624005259BA /* Project object */ = {
			isa = PBXProject;
			attributes = {
				LastUpgradeCheck = 0730;
				ORGANIZATIONNAME = "Sophie Dewil";
				TargetAttributes = {
					2F1991611D22F624005259BA = {
						CreatedOnToolsVersion = 7.3.1;
					};
				};
			};
			buildConfigurationList = 2F19915D1D22F624005259BA /* Build configuration list for PBXProject "perfectstepper" */;
			compatibilityVersion = "Xcode 3.2";
			developmentRegion = English;
			hasScannedForEncodings = 0;
			knownRegions = (
				en,
			);
			mainGroup = 2F1991591D22F624005259BA;
			productRefGroup = 2F1991631D22F624005259BA /* Products */;
			projectDirPath = "";
			projectRoot = "";
			targets = (
				2F1991611D22F624005259BA /* perfectstepper */,
			);
		};
/* End PBXProject section */

/* Begin PBXSourcesBuildPhase section */
		2F19915E1D22F624005259BA /* Sources */ = {
			isa = PBXSourcesBuildPhase;
			buildActionMask = 2147483647;
			files = (
				2F19917E1D22F682005259BA /* Tsearch.cpp in Sources */,
				2F19917C1D22F682005259BA /* Random.cpp in Sources */,
				2F1991791D22F682005259BA /* Leg.cpp in Sources */,
				2F19917A1D22F682005259BA /* LeggedAgent.cpp in Sources */,
				2F19917D1D22F682005259BA /* Source.cpp in Sources */,
				2F19917B1D22F682005259BA /* main.cpp in Sources */,
			);
			runOnlyForDeploymentPostprocessing = 0;
		};
/* End PBXSourcesBuildPhase section */

/* Begin XCBuildConfiguration section */
		2F1991671D22F624005259BA /* Debug */ = {
			isa = XCBuildConfiguration;
			buildSettings = {
				ALWAYS_SEARCH_USER_PATHS = NO;
				CLANG_ANALYZER_NONNULL = YES;
				CLANG_CXX_LANGUAGE_STANDARD = "gnu++0x";
				CLANG_CXX_LIBRARY = "libc++";
				CLANG_ENABLE_MODULES = YES;
				CLANG_ENABLE_OBJC_ARC = YES;
				CLANG_WARN_BOOL_CONVERSION = YES;
				CLANG_WARN_CONSTANT_CONVERSION = YES;
				CLANG_WARN_DIRECT_OBJC_ISA_USAGE = YES_ERROR;
				CLANG_WARN_EMPTY_BODY = YES;
				CLANG_WARN_ENUM_CONVERSION = YES;
				CLANG_WARN_INT_CONVERSION = YES;
				CLANG_WARN_OBJC_ROOT_CLASS = YES_ERROR;
				CLANG_WARN_UNREACHABLE_CODE = YES;
				CLANG_WARN__DUPLICATE_METHOD_MATCH = YES;
				CODE_SIGN_IDENTITY = "-";
				COPY_PHASE_STRIP = NO;
				DEBUG_INFORMATION_FORMAT = dwarf;
				ENABLE_STRICT_OBJC_MSGSEND = YES;
				ENABLE_TESTABILITY = YES;
				GCC_C_LANGUAGE_STANDARD = gnu99;
				GCC_DYNAMIC_NO_PIC = NO;
				GCC_NO_COMMON_BLOCKS = YES;
				GCC_OPTIMIZATION_LEVEL = 0;
				GCC_PREPROCESSOR_DEFINITIONS = (
					"DEBUG=1",
					"$(inherited)",
				);
				GCC_WARN_64_TO_32_BIT_CONVERSION = YES;
				GCC_WARN_ABOUT_RETURN_TYPE = YES_ERROR;
				GCC_WARN_UNDECLARED_SELECTOR = YES;
				GCC_WARN_UNINITIALIZED_AUTOS = YES_AGGRESSIVE;
				GCC_WARN_UNUSED_FUNCTION = YES;
				GCC_WARN_UNUSED_VARIABLE = YES;
				MACOSX_DEPLOYMENT_TARGET = 10.11;
				MTL_ENABLE_DEBUG_INFO = YES;
				ONLY_ACTIVE_ARCH = YES;
				SDKROOT = macosx;
			};
			name = Debug;
		};
		2F1991681D22F624005259BA /* Release */ = {
			isa = XCBuildConfiguration;
			buildSettings = {
				ALWAYS_SEARCH_USER_PATHS = NO;
				CLANG_ANALYZER_NONNULL = YES;
				CLANG_CXX_LANGUAGE_STANDARD = "gnu++0x";
				CLANG_CXX_LIBRARY = "libc++";
				CLANG_ENABLE_MODULES = YES;
				CLANG_ENABLE_OBJC_ARC = YES;
				CLANG_WARN_BOOL_CONVERSION = YES;
				CLANG_WARN_CONSTANT_CONVERSION = YES;
				CLANG_WARN_DIRECT_OBJC_ISA_USAGE = YES_ERROR;
				CLANG_WARN_EMPTY_BODY = YES;
				CLANG_WARN_ENUM_CONVERSION = YES;
				CLANG_WARN_INT_CONVERSION = YES;
				CLANG_WARN_OBJC_ROOT_CLASS = YES_ERROR;
				CLANG_WARN_UNREACHABLE_CODE = YES;
				CLANG_WARN__DUPLICATE_METHOD_MATCH = YES;
				CODE_SIGN_IDENTITY = "-";
				COPY_PHASE_STRIP = NO;
				DEBUG_INFORMATION_FORMAT = "dwarf-with-dsym";
				ENABLE_NS_ASSERTIONS = NO;
				ENABLE_STRICT_OBJC_MSGSEND = YES;
				GCC_C_LANGUAGE_STANDARD = gnu99;
				GCC_NO_COMMON_BLOCKS = YES;
				GCC_WARN_64_TO_32_BIT_CONVERSION = YES;
				GCC_WARN_ABOUT_RETURN_TYPE = YES_ERROR;
				GCC_WARN_UNDECLARED_SELECTOR = YES;
				GCC_WARN_UNINITIALIZED_AUTOS = YES_AGGRESSIVE;
				GCC_WARN_UNUSED_FUNCTION = YES;
				GCC_WARN_UNUSED_VARIABLE = YES;
				MACOSX_DEPLOYMENT_TARGET = 10.11;
				MTL_ENABLE_DEBUG_INFO = NO;
				SDKROOT = macosx;
			};
			name = Release;
		};
		2F19916A1D22F624005259BA /* Debug */ = {
			isa = XCBuildConfiguration;
			buildSettings = {
				PRODUCT_NAME = "$(TARGET_NAME)";
			};
			name = Debug;
		};
		2F19916B1D22F624005259BA /* Release */ = {
			isa = XCBuildConfiguration;
			buildSettings = {
				PRODUCT_NAME = "$(TARGET_NAME)";
			};
			name = Release;
		};
/* End XCBuildConfiguration section */

/* Begin XCConfigurationList section */
		2F19915D1D22F624005259BA /* Build configuration list for PBXProject "perfectstepper" */ = {
			isa = XCConfigurationList;
			buildConfigurations = (
				2F1991671D22F624005259BA /* Debug */,
				2F1991681D22F624005259BA /* Release */,
			);
			defaultConfigurationIsVisible = 0;
			defaultConfigurationName = Release;
		};
		2F1991691D22F624005259BA /* Build configuration list for PBXNativeTarget "perfectstepper" */ = {
			isa = XCConfigurationList;
			buildConfigurations = (
				2F19916A1D22F624005259BA /* Debug */,
				2F19916B1D22F624005259BA /* Release */,
			);
			defaultConfigurationIsVisible = 0;
		};
/* End XCConfigurationList section */
	};
	rootObject = 2F19915A1D22F624005259BA /* Project object */;
}
